
Microsoft Visual Studio Solution File, Format Version 12.00
# Visual Studio 15
VisualStudioVersion = 15.0.27428.2043
MinimumVisualStudioVersion = 10.0.40219.1
Project("{9A19103F-16F7-4668-BE54-9A1E7A4F7556}") = "HolyBible.KJV", "src\HolyBible.KJV\HolyBible.KJV.csproj", "{6B9F9FD2-6A89-476C-94BE-BCE19650168F}"
EndProject
Project("{FAE04EC0-301F-11D3-BF4B-00C04F79EFBC}") = "HolyBible.KJV.Tests", "src\HolyBible.KJV.Tests\HolyBible.KJV.Tests.csproj", "{4BC60512-9D88-42F0-9DCB-31B38DB81287}"
EndProject
Project("{2150E333-8FDC-42A3-9474-1A3956D46DE8}") = "Solution Items", "Solution Items", "{928AE043-E462-436D-8E4F-1ECD774E691A}"
	ProjectSection(SolutionItems) = preProject
		CHANGELOG.md = CHANGELOG.md
		README.md = README.md
	EndProjectSection
EndProject
Global
	GlobalSection(SolutionConfigurationPlatforms) = preSolution
		Debug|Any CPU = Debug|Any CPU
		Release|Any CPU = Release|Any CPU
	EndGlobalSection
	GlobalSection(ProjectConfigurationPlatforms) = postSolution
		{6B9F9FD2-6A89-476C-94BE-BCE19650168F}.Debug|Any CPU.ActiveCfg = Debug|Any CPU
		{6B9F9FD2-6A89-476C-94BE-BCE19650168F}.Debug|Any CPU.Build.0 = Debug|Any CPU
		{6B9F9FD2-6A89-476C-94BE-BCE19650168F}.Release|Any CPU.ActiveCfg = Release|Any CPU
		{6B9F9FD2-6A89-476C-94BE-BCE19650168F}.Release|Any CPU.Build.0 = Release|Any CPU
		{4BC60512-9D88-42F0-9DCB-31B38DB81287}.Debug|Any CPU.ActiveCfg = Debug|Any CPU
		{4BC60512-9D88-42F0-9DCB-31B38DB81287}.Debug|Any CPU.Build.0 = Debug|Any CPU
		{4BC60512-9D88-42F0-9DCB-31B38DB81287}.Release|Any CPU.ActiveCfg = Release|Any CPU
		{4BC60512-9D88-42F0-9DCB-31B38DB81287}.Release|Any CPU.Build.0 = Release|Any CPU
	EndGlobalSection
	GlobalSection(SolutionProperties) = preSolution
		HideSolutionNode = FALSE
	EndGlobalSection
	GlobalSection(ExtensibilityGlobals) = postSolution
		SolutionGuid = {7006E4A7-DF54-4E50-896B-C89A778E1CAD}
	EndGlobalSection
EndGlobal
